
Microsoft Visual Studio Solution File, Format Version 12.00
# Visual Studio Version 16
VisualStudioVersion = 16.0.30406.217
MinimumVisualStudioVersion = 10.0.40219.1
Project("{FAE04EC0-301F-11D3-BF4B-00C04F79EFBC}") = "MinesweeperLibrary", "MinesweeperLibrary\MinesweeperLibrary.csproj", "{98026F3F-4C93-47F7-97B9-79123FDC6116}"
EndProject
Global
	GlobalSection(SolutionConfigurationPlatforms) = preSolution
		Debug|Any CPU = Debug|Any CPU
		Release|Any CPU = Release|Any CPU
	EndGlobalSection
	GlobalSection(ProjectConfigurationPlatforms) = postSolution
		{98026F3F-4C93-47F7-97B9-79123FDC6116}.Debug|Any CPU.ActiveCfg = Debug|Any CPU
		{98026F3F-4C93-47F7-97B9-79123FDC6116}.Debug|Any CPU.Build.0 = Debug|Any CPU
		{98026F3F-4C93-47F7-97B9-79123FDC6116}.Release|Any CPU.ActiveCfg = Release|Any CPU
		{98026F3F-4C93-47F7-97B9-79123FDC6116}.Release|Any CPU.Build.0 = Release|Any CPU
	EndGlobalSection
	GlobalSection(SolutionProperties) = preSolution
		HideSolutionNode = FALSE
	EndGlobalSection
	GlobalSection(ExtensibilityGlobals) = postSolution
		SolutionGuid = {A6A71340-01AD-4DB4-8DBE-4CB00EA72C2B}
	EndGlobalSection
EndGlobal
